
Microsoft Visual Studio Solution File, Format Version 12.00
# Visual Studio Version 17
VisualStudioVersion = 17.0.31903.59
MinimumVisualStudioVersion = 10.0.40219.1
Project("{2150E333-8FDC-42A3-9474-1A3956D46DE8}") = "src", "src", "{827E0CD3-B72D-47B6-A68D-7590B98EB39B}"
EndProject
Project("{FAE04EC0-301F-11D3-BF4B-00C04F79EFBC}") = "PassFree", "src\PassFree\PassFree.csproj", "{8E68391C-5783-4F28-A2C5-B73A146BF6F4}"
EndProject
Project("{2150E333-8FDC-42A3-9474-1A3956D46DE8}") = "samples", "samples", "{5D20AA90-6969-D8BD-9DCD-8634F4692FDA}"
EndProject
Project("{2150E333-8FDC-42A3-9474-1A3956D46DE8}") = "tests", "tests", "{0CECAAAA-6903-4F6F-A4CC-10E2B1C87880}"
EndProject
Project("{FAE04EC0-301F-11D3-BF4B-00C04F79EFBC}") = "PassFree.Tests", "tests\PassFree.Tests\PassFree.Tests.csproj", "{FF9DB777-4EBD-47AD-9001-6510FBE3898B}"
EndProject
Project("{FAE04EC0-301F-11D3-BF4B-00C04F79EFBC}") = "Sample.BlazorApp", "samples\Sample.BlazorApp\Sample.BlazorApp.csproj", "{F54ACE35-E6DE-4B35-BD43-2217BC3EE31F}"
EndProject
Global
	GlobalSection(SolutionConfigurationPlatforms) = preSolution
		Debug|Any CPU = Debug|Any CPU
		Debug|x64 = Debug|x64
		Debug|x86 = Debug|x86
		Release|Any CPU = Release|Any CPU
		Release|x64 = Release|x64
		Release|x86 = Release|x86
	EndGlobalSection
	GlobalSection(ProjectConfigurationPlatforms) = postSolution
		{8E68391C-5783-4F28-A2C5-B73A146BF6F4}.Debug|Any CPU.ActiveCfg = Debug|Any CPU
		{8E68391C-5783-4F28-A2C5-B73A146BF6F4}.Debug|Any CPU.Build.0 = Debug|Any CPU
		{8E68391C-5783-4F28-A2C5-B73A146BF6F4}.Debug|x64.ActiveCfg = Debug|Any CPU
		{8E68391C-5783-4F28-A2C5-B73A146BF6F4}.Debug|x64.Build.0 = Debug|Any CPU
		{8E68391C-5783-4F28-A2C5-B73A146BF6F4}.Debug|x86.ActiveCfg = Debug|Any CPU
		{8E68391C-5783-4F28-A2C5-B73A146BF6F4}.Debug|x86.Build.0 = Debug|Any CPU
		{8E68391C-5783-4F28-A2C5-B73A146BF6F4}.Release|Any CPU.ActiveCfg = Release|Any CPU
		{8E68391C-5783-4F28-A2C5-B73A146BF6F4}.Release|Any CPU.Build.0 = Release|Any CPU
		{8E68391C-5783-4F28-A2C5-B73A146BF6F4}.Release|x64.ActiveCfg = Release|Any CPU
		{8E68391C-5783-4F28-A2C5-B73A146BF6F4}.Release|x64.Build.0 = Release|Any CPU
		{8E68391C-5783-4F28-A2C5-B73A146BF6F4}.Release|x86.ActiveCfg = Release|Any CPU
		{8E68391C-5783-4F28-A2C5-B73A146BF6F4}.Release|x86.Build.0 = Release|Any CPU
		{FF9DB777-4EBD-47AD-9001-6510FBE3898B}.Debug|Any CPU.ActiveCfg = Debug|Any CPU
		{FF9DB777-4EBD-47AD-9001-6510FBE3898B}.Debug|Any CPU.Build.0 = Debug|Any CPU
		{FF9DB777-4EBD-47AD-9001-6510FBE3898B}.Debug|x64.ActiveCfg = Debug|Any CPU
		{FF9DB777-4EBD-47AD-9001-6510FBE3898B}.Debug|x64.Build.0 = Debug|Any CPU
		{FF9DB777-4EBD-47AD-9001-6510FBE3898B}.Debug|x86.ActiveCfg = Debug|Any CPU
		{FF9DB777-4EBD-47AD-9001-6510FBE3898B}.Debug|x86.Build.0 = Debug|Any CPU
		{FF9DB777-4EBD-47AD-9001-6510FBE3898B}.Release|Any CPU.ActiveCfg = Release|Any CPU
		{FF9DB777-4EBD-47AD-9001-6510FBE3898B}.Release|Any CPU.Build.0 = Release|Any CPU
		{FF9DB777-4EBD-47AD-9001-6510FBE3898B}.Release|x64.ActiveCfg = Release|Any CPU
		{FF9DB777-4EBD-47AD-9001-6510FBE3898B}.Release|x64.Build.0 = Release|Any CPU
		{FF9DB777-4EBD-47AD-9001-6510FBE3898B}.Release|x86.ActiveCfg = Release|Any CPU
		{FF9DB777-4EBD-47AD-9001-6510FBE3898B}.Release|x86.Build.0 = Release|Any CPU
		{F54ACE35-E6DE-4B35-BD43-2217BC3EE31F}.Debug|Any CPU.ActiveCfg = Debug|Any CPU
		{F54ACE35-E6DE-4B35-BD43-2217BC3EE31F}.Debug|Any CPU.Build.0 = Debug|Any CPU
		{F54ACE35-E6DE-4B35-BD43-2217BC3EE31F}.Debug|x64.ActiveCfg = Debug|Any CPU
		{F54ACE35-E6DE-4B35-BD43-2217BC3EE31F}.Debug|x64.Build.0 = Debug|Any CPU
		{F54ACE35-E6DE-4B35-BD43-2217BC3EE31F}.Debug|x86.ActiveCfg = Debug|Any CPU
		{F54ACE35-E6DE-4B35-BD43-2217BC3EE31F}.Debug|x86.Build.0 = Debug|Any CPU
		{F54ACE35-E6DE-4B35-BD43-2217BC3EE31F}.Release|Any CPU.ActiveCfg = Release|Any CPU
		{F54ACE35-E6DE-4B35-BD43-2217BC3EE31F}.Release|Any CPU.Build.0 = Release|Any CPU
		{F54ACE35-E6DE-4B35-BD43-2217BC3EE31F}.Release|x64.ActiveCfg = Release|Any CPU
		{F54ACE35-E6DE-4B35-BD43-2217BC3EE31F}.Release|x64.Build.0 = Release|Any CPU
		{F54ACE35-E6DE-4B35-BD43-2217BC3EE31F}.Release|x86.ActiveCfg = Release|Any CPU
		{F54ACE35-E6DE-4B35-BD43-2217BC3EE31F}.Release|x86.Build.0 = Release|Any CPU
	EndGlobalSection
	GlobalSection(SolutionProperties) = preSolution
		HideSolutionNode = FALSE
	EndGlobalSection
	GlobalSection(NestedProjects) = preSolution
		{8E68391C-5783-4F28-A2C5-B73A146BF6F4} = {827E0CD3-B72D-47B6-A68D-7590B98EB39B}
		{FF9DB777-4EBD-47AD-9001-6510FBE3898B} = {0CECAAAA-6903-4F6F-A4CC-10E2B1C87880}
		{F54ACE35-E6DE-4B35-BD43-2217BC3EE31F} = {5D20AA90-6969-D8BD-9DCD-8634F4692FDA}
	EndGlobalSection
EndGlobal
